
Microsoft Visual Studio Solution File, Format Version 12.00
# Visual Studio Version 17
VisualStudioVersion = 17.10.35122.118
MinimumVisualStudioVersion = 10.0.40219.1
Project("{FAE04EC0-301F-11D3-BF4B-00C04F79EFBC}") = "ReciclaPeru.Android", "ReciclaPeru.Android\ReciclaPeru.Android.csproj", "{F3BA095C-279A-4BBF-86B1-85F1DE750355}"
EndProject
Project("{FAE04EC0-301F-11D3-BF4B-00C04F79EFBC}") = "ReciclaPeru", "ReciclaPeru\ReciclaPeru.csproj", "{8668AB43-EFC3-4CE4-96EB-BE98CEEDDDA5}"
EndProject
Global
	GlobalSection(SolutionConfigurationPlatforms) = preSolution
		Debug|Any CPU = Debug|Any CPU
		Release|Any CPU = Release|Any CPU
	EndGlobalSection
	GlobalSection(ProjectConfigurationPlatforms) = postSolution
		{F3BA095C-279A-4BBF-86B1-85F1DE750355}.Debug|Any CPU.ActiveCfg = Debug|Any CPU
		{F3BA095C-279A-4BBF-86B1-85F1DE750355}.Debug|Any CPU.Build.0 = Debug|Any CPU
		{F3BA095C-279A-4BBF-86B1-85F1DE750355}.Debug|Any CPU.Deploy.0 = Debug|Any CPU
		{F3BA095C-279A-4BBF-86B1-85F1DE750355}.Release|Any CPU.ActiveCfg = Release|Any CPU
		{F3BA095C-279A-4BBF-86B1-85F1DE750355}.Release|Any CPU.Build.0 = Release|Any CPU
		{F3BA095C-279A-4BBF-86B1-85F1DE750355}.Release|Any CPU.Deploy.0 = Release|Any CPU
		{8668AB43-EFC3-4CE4-96EB-BE98CEEDDDA5}.Debug|Any CPU.ActiveCfg = Debug|Any CPU
		{8668AB43-EFC3-4CE4-96EB-BE98CEEDDDA5}.Debug|Any CPU.Build.0 = Debug|Any CPU
		{8668AB43-EFC3-4CE4-96EB-BE98CEEDDDA5}.Debug|Any CPU.Deploy.0 = Debug|Any CPU
		{8668AB43-EFC3-4CE4-96EB-BE98CEEDDDA5}.Release|Any CPU.ActiveCfg = Release|Any CPU
		{8668AB43-EFC3-4CE4-96EB-BE98CEEDDDA5}.Release|Any CPU.Build.0 = Release|Any CPU
		{8668AB43-EFC3-4CE4-96EB-BE98CEEDDDA5}.Release|Any CPU.Deploy.0 = Release|Any CPU
	EndGlobalSection
	GlobalSection(SolutionProperties) = preSolution
		HideSolutionNode = FALSE
	EndGlobalSection
	GlobalSection(ExtensibilityGlobals) = postSolution
		SolutionGuid = {C1921062-B94B-4453-A91D-E9DB7F7295C9}
	EndGlobalSection
EndGlobal
